
Microsoft Visual Studio Solution File, Format Version 12.00
# Visual Studio Version 16
VisualStudioVersion = 16.0.29201.188
MinimumVisualStudioVersion = 10.0.40219.1
Project("{FAE04EC0-301F-11D3-BF4B-00C04F79EFBC}") = "Boneco", "Boneco\Boneco.csproj", "{424BB9BD-68F3-4A51-8514-CF6F07EAC142}"
EndProject
Global
	GlobalSection(SolutionConfigurationPlatforms) = preSolution
		Debug|Any CPU = Debug|Any CPU
		Release|Any CPU = Release|Any CPU
	EndGlobalSection
	GlobalSection(ProjectConfigurationPlatforms) = postSolution
		{424BB9BD-68F3-4A51-8514-CF6F07EAC142}.Debug|Any CPU.ActiveCfg = Debug|Any CPU
		{424BB9BD-68F3-4A51-8514-CF6F07EAC142}.Debug|Any CPU.Build.0 = Debug|Any CPU
		{424BB9BD-68F3-4A51-8514-CF6F07EAC142}.Release|Any CPU.ActiveCfg = Release|Any CPU
		{424BB9BD-68F3-4A51-8514-CF6F07EAC142}.Release|Any CPU.Build.0 = Release|Any CPU
	EndGlobalSection
	GlobalSection(SolutionProperties) = preSolution
		HideSolutionNode = FALSE
	EndGlobalSection
	GlobalSection(ExtensibilityGlobals) = postSolution
		SolutionGuid = {E8A35EB6-5364-441F-AAFD-65F0D4317F18}
	EndGlobalSection
EndGlobal
